
Microsoft Visual Studio Solution File, Format Version 12.00
# Visual Studio Version 17
VisualStudioVersion = 17.0.31903.59
MinimumVisualStudioVersion = 10.0.40219.1
Project("{9A19103F-16F7-4668-BE54-9A1E7A4F7556}") = "Buckit.Web", "Buckit\Buckit.Web.csproj", "{34732712-57CE-4F2E-A0E6-C1D4E85C61DF}"
EndProject
Project("{9A19103F-16F7-4668-BE54-9A1E7A4F7556}") = "Buckit.Model", "Buckit.Model\Buckit.Model.csproj", "{0C9BC220-7D99-4605-B2A6-C34E16D765F1}"
EndProject
Project("{9A19103F-16F7-4668-BE54-9A1E7A4F7556}") = "Buckit.Data", "Buckit.Data\Buckit.Data.csproj", "{918A3043-87F6-4CDD-9F4F-3A56E0F27C5C}"
EndProject
Project("{FAE04EC0-301F-11D3-BF4B-00C04F79EFBC}") = "Buckit.API", "Buckit.API\Buckit.API.csproj", "{2E320F84-A24F-49D8-9639-BC6622ED091B}"
EndProject
Global
	GlobalSection(SolutionConfigurationPlatforms) = preSolution
		Debug|Any CPU = Debug|Any CPU
		Release|Any CPU = Release|Any CPU
	EndGlobalSection
	GlobalSection(ProjectConfigurationPlatforms) = postSolution
		{34732712-57CE-4F2E-A0E6-C1D4E85C61DF}.Debug|Any CPU.ActiveCfg = Debug|Any CPU
		{34732712-57CE-4F2E-A0E6-C1D4E85C61DF}.Debug|Any CPU.Build.0 = Debug|Any CPU
		{34732712-57CE-4F2E-A0E6-C1D4E85C61DF}.Release|Any CPU.ActiveCfg = Release|Any CPU
		{34732712-57CE-4F2E-A0E6-C1D4E85C61DF}.Release|Any CPU.Build.0 = Release|Any CPU
		{0C9BC220-7D99-4605-B2A6-C34E16D765F1}.Debug|Any CPU.ActiveCfg = Debug|Any CPU
		{0C9BC220-7D99-4605-B2A6-C34E16D765F1}.Debug|Any CPU.Build.0 = Debug|Any CPU
		{0C9BC220-7D99-4605-B2A6-C34E16D765F1}.Release|Any CPU.ActiveCfg = Release|Any CPU
		{0C9BC220-7D99-4605-B2A6-C34E16D765F1}.Release|Any CPU.Build.0 = Release|Any CPU
		{918A3043-87F6-4CDD-9F4F-3A56E0F27C5C}.Debug|Any CPU.ActiveCfg = Debug|Any CPU
		{918A3043-87F6-4CDD-9F4F-3A56E0F27C5C}.Debug|Any CPU.Build.0 = Debug|Any CPU
		{918A3043-87F6-4CDD-9F4F-3A56E0F27C5C}.Release|Any CPU.ActiveCfg = Release|Any CPU
		{918A3043-87F6-4CDD-9F4F-3A56E0F27C5C}.Release|Any CPU.Build.0 = Release|Any CPU
		{2E320F84-A24F-49D8-9639-BC6622ED091B}.Debug|Any CPU.ActiveCfg = Debug|Any CPU
		{2E320F84-A24F-49D8-9639-BC6622ED091B}.Debug|Any CPU.Build.0 = Debug|Any CPU
		{2E320F84-A24F-49D8-9639-BC6622ED091B}.Release|Any CPU.ActiveCfg = Release|Any CPU
		{2E320F84-A24F-49D8-9639-BC6622ED091B}.Release|Any CPU.Build.0 = Release|Any CPU
	EndGlobalSection
	GlobalSection(SolutionProperties) = preSolution
		HideSolutionNode = FALSE
	EndGlobalSection
	GlobalSection(ExtensibilityGlobals) = postSolution
		SolutionGuid = {D42D52D1-708B-4135-ABAA-2BC7F6B23BAD}
	EndGlobalSection
EndGlobal
