
Microsoft Visual Studio Solution File, Format Version 12.00
# Visual Studio Version 16
VisualStudioVersion = 16.0.31727.386
MinimumVisualStudioVersion = 10.0.40219.1
Project("{FAE04EC0-301F-11D3-BF4B-00C04F79EFBC}") = "BucketWebApp", "BucketWebApp\BucketWebApp.csproj", "{228D14A5-AB4E-4E9B-A080-705FBE062A50}"
EndProject
Project("{FAE04EC0-301F-11D3-BF4B-00C04F79EFBC}") = "BucketClassLibrary", "BucketClassLibrary\BucketClassLibrary.csproj", "{CBB535B2-8ED6-4C70-B0F0-154441F5BE14}"
EndProject
Global
	GlobalSection(SolutionConfigurationPlatforms) = preSolution
		Debug|Any CPU = Debug|Any CPU
		Release|Any CPU = Release|Any CPU
	EndGlobalSection
	GlobalSection(ProjectConfigurationPlatforms) = postSolution
		{228D14A5-AB4E-4E9B-A080-705FBE062A50}.Debug|Any CPU.ActiveCfg = Debug|Any CPU
		{228D14A5-AB4E-4E9B-A080-705FBE062A50}.Debug|Any CPU.Build.0 = Debug|Any CPU
		{228D14A5-AB4E-4E9B-A080-705FBE062A50}.Release|Any CPU.ActiveCfg = Release|Any CPU
		{228D14A5-AB4E-4E9B-A080-705FBE062A50}.Release|Any CPU.Build.0 = Release|Any CPU
		{CBB535B2-8ED6-4C70-B0F0-154441F5BE14}.Debug|Any CPU.ActiveCfg = Debug|Any CPU
		{CBB535B2-8ED6-4C70-B0F0-154441F5BE14}.Debug|Any CPU.Build.0 = Debug|Any CPU
		{CBB535B2-8ED6-4C70-B0F0-154441F5BE14}.Release|Any CPU.ActiveCfg = Release|Any CPU
		{CBB535B2-8ED6-4C70-B0F0-154441F5BE14}.Release|Any CPU.Build.0 = Release|Any CPU
	EndGlobalSection
	GlobalSection(SolutionProperties) = preSolution
		HideSolutionNode = FALSE
	EndGlobalSection
	GlobalSection(ExtensibilityGlobals) = postSolution
		SolutionGuid = {CC80B12D-4872-4638-9A1D-674696BBF65F}
	EndGlobalSection
EndGlobal
